
Microsoft Visual Studio Solution File, Format Version 12.00
# Visual Studio Version 17
VisualStudioVersion = 17.0.31912.275
MinimumVisualStudioVersion = 10.0.40219.1
Project("{FAE04EC0-301F-11D3-BF4B-00C04F79EFBC}") = "Brady.Console", "Brady.Console\Brady.Console.csproj", "{F795A487-392C-4559-A22C-C23FDAAC72C8}"
EndProject
Project("{FAE04EC0-301F-11D3-BF4B-00C04F79EFBC}") = "Brady.Application", "Brady.Application\Brady.Application.csproj", "{99C43807-FC94-471C-80DF-75839C60CE8E}"
EndProject
Project("{FAE04EC0-301F-11D3-BF4B-00C04F79EFBC}") = "Brady.Test", "Brady.Test\Brady.Test.csproj", "{3BF04D73-2F24-4762-A6DD-A1999DB0BD7E}"
EndProject
Global
	GlobalSection(SolutionConfigurationPlatforms) = preSolution
		Debug|Any CPU = Debug|Any CPU
		Release|Any CPU = Release|Any CPU
	EndGlobalSection
	GlobalSection(ProjectConfigurationPlatforms) = postSolution
		{F795A487-392C-4559-A22C-C23FDAAC72C8}.Debug|Any CPU.ActiveCfg = Debug|Any CPU
		{F795A487-392C-4559-A22C-C23FDAAC72C8}.Debug|Any CPU.Build.0 = Debug|Any CPU
		{F795A487-392C-4559-A22C-C23FDAAC72C8}.Release|Any CPU.ActiveCfg = Release|Any CPU
		{F795A487-392C-4559-A22C-C23FDAAC72C8}.Release|Any CPU.Build.0 = Release|Any CPU
		{99C43807-FC94-471C-80DF-75839C60CE8E}.Debug|Any CPU.ActiveCfg = Debug|Any CPU
		{99C43807-FC94-471C-80DF-75839C60CE8E}.Debug|Any CPU.Build.0 = Debug|Any CPU
		{99C43807-FC94-471C-80DF-75839C60CE8E}.Release|Any CPU.ActiveCfg = Release|Any CPU
		{99C43807-FC94-471C-80DF-75839C60CE8E}.Release|Any CPU.Build.0 = Release|Any CPU
		{3BF04D73-2F24-4762-A6DD-A1999DB0BD7E}.Debug|Any CPU.ActiveCfg = Debug|Any CPU
		{3BF04D73-2F24-4762-A6DD-A1999DB0BD7E}.Debug|Any CPU.Build.0 = Debug|Any CPU
		{3BF04D73-2F24-4762-A6DD-A1999DB0BD7E}.Release|Any CPU.ActiveCfg = Release|Any CPU
		{3BF04D73-2F24-4762-A6DD-A1999DB0BD7E}.Release|Any CPU.Build.0 = Release|Any CPU
	EndGlobalSection
	GlobalSection(SolutionProperties) = preSolution
		HideSolutionNode = FALSE
	EndGlobalSection
	GlobalSection(ExtensibilityGlobals) = postSolution
		SolutionGuid = {C5DFF641-D992-4847-8A26-9705CF06D7AB}
	EndGlobalSection
EndGlobal
